Microsoft Visual Studio Solution File, Format Version 12.00
# Visual Studio 2012
Project("{FAE04EC0-301F-11D3-BF4B-00C04F79EFBC}") = "OLD59", "OLD59.csproj", "{90D905E3-324E-4620-9D1B-643558F7C9C4}"
EndProject
Global
	GlobalSection(SolutionConfigurationPlatforms) = preSolution
	Debug|Any CPU = Debug|Any CPU
	ExportDebug|Any CPU = ExportDebug|Any CPU
	ExportRelease|Any CPU = ExportRelease|Any CPU
	EndGlobalSection
	GlobalSection(ProjectConfigurationPlatforms) = postSolution
		{90D905E3-324E-4620-9D1B-643558F7C9C4}.Debug|Any CPU.ActiveCfg = Debug|Any CPU
		{90D905E3-324E-4620-9D1B-643558F7C9C4}.Debug|Any CPU.Build.0 = Debug|Any CPU
		{90D905E3-324E-4620-9D1B-643558F7C9C4}.ExportDebug|Any CPU.ActiveCfg = ExportDebug|Any CPU
		{90D905E3-324E-4620-9D1B-643558F7C9C4}.ExportDebug|Any CPU.Build.0 = ExportDebug|Any CPU
		{90D905E3-324E-4620-9D1B-643558F7C9C4}.ExportRelease|Any CPU.ActiveCfg = ExportRelease|Any CPU
		{90D905E3-324E-4620-9D1B-643558F7C9C4}.ExportRelease|Any CPU.Build.0 = ExportRelease|Any CPU
	EndGlobalSection
EndGlobal
